
Microsoft Visual Studio Solution File, Format Version 12.00
# Visual Studio Version 17
VisualStudioVersion = 17.6.33712.159
MinimumVisualStudioVersion = 10.0.40219.1
Project("{FAE04EC0-301F-11D3-BF4B-00C04F79EFBC}") = "Day-01", "Day-01\Day-01.csproj", "{7C11E090-CC32-4063-9BC9-CD5EB449F189}"
EndProject
Project("{FAE04EC0-301F-11D3-BF4B-00C04F79EFBC}") = "Day-02", "Day-02\Day-02.csproj", "{7CD04202-2027-41C3-82AE-48CC42B96FCC}"
EndProject
Project("{FAE04EC0-301F-11D3-BF4B-00C04F79EFBC}") = "Day-03", "Day-03\Day-03.csproj", "{07AC5445-0016-4D90-A44C-96CFB9BD640F}"
EndProject
Project("{FAE04EC0-301F-11D3-BF4B-00C04F79EFBC}") = "Day-04", "Day-04\Day-04.csproj", "{F20EDDAE-E5AC-4AA2-95F8-05E66B6E07D9}"
EndProject
Project("{FAE04EC0-301F-11D3-BF4B-00C04F79EFBC}") = "Day-05", "Day-05\Day-05.csproj", "{C19298CE-427A-4B7C-A0CB-24628B510422}"
EndProject
Global
	GlobalSection(SolutionConfigurationPlatforms) = preSolution
		Debug|Any CPU = Debug|Any CPU
		Release|Any CPU = Release|Any CPU
	EndGlobalSection
	GlobalSection(ProjectConfigurationPlatforms) = postSolution
		{7C11E090-CC32-4063-9BC9-CD5EB449F189}.Debug|Any CPU.ActiveCfg = Debug|Any CPU
		{7C11E090-CC32-4063-9BC9-CD5EB449F189}.Debug|Any CPU.Build.0 = Debug|Any CPU
		{7C11E090-CC32-4063-9BC9-CD5EB449F189}.Release|Any CPU.ActiveCfg = Release|Any CPU
		{7C11E090-CC32-4063-9BC9-CD5EB449F189}.Release|Any CPU.Build.0 = Release|Any CPU
		{7CD04202-2027-41C3-82AE-48CC42B96FCC}.Debug|Any CPU.ActiveCfg = Debug|Any CPU
		{7CD04202-2027-41C3-82AE-48CC42B96FCC}.Debug|Any CPU.Build.0 = Debug|Any CPU
		{7CD04202-2027-41C3-82AE-48CC42B96FCC}.Release|Any CPU.ActiveCfg = Release|Any CPU
		{7CD04202-2027-41C3-82AE-48CC42B96FCC}.Release|Any CPU.Build.0 = Release|Any CPU
		{07AC5445-0016-4D90-A44C-96CFB9BD640F}.Debug|Any CPU.ActiveCfg = Debug|Any CPU
		{07AC5445-0016-4D90-A44C-96CFB9BD640F}.Debug|Any CPU.Build.0 = Debug|Any CPU
		{07AC5445-0016-4D90-A44C-96CFB9BD640F}.Release|Any CPU.ActiveCfg = Release|Any CPU
		{07AC5445-0016-4D90-A44C-96CFB9BD640F}.Release|Any CPU.Build.0 = Release|Any CPU
		{F20EDDAE-E5AC-4AA2-95F8-05E66B6E07D9}.Debug|Any CPU.ActiveCfg = Debug|Any CPU
		{F20EDDAE-E5AC-4AA2-95F8-05E66B6E07D9}.Debug|Any CPU.Build.0 = Debug|Any CPU
		{F20EDDAE-E5AC-4AA2-95F8-05E66B6E07D9}.Release|Any CPU.ActiveCfg = Release|Any CPU
		{F20EDDAE-E5AC-4AA2-95F8-05E66B6E07D9}.Release|Any CPU.Build.0 = Release|Any CPU
		{C19298CE-427A-4B7C-A0CB-24628B510422}.Debug|Any CPU.ActiveCfg = Debug|Any CPU
		{C19298CE-427A-4B7C-A0CB-24628B510422}.Debug|Any CPU.Build.0 = Debug|Any CPU
		{C19298CE-427A-4B7C-A0CB-24628B510422}.Release|Any CPU.ActiveCfg = Release|Any CPU
		{C19298CE-427A-4B7C-A0CB-24628B510422}.Release|Any CPU.Build.0 = Release|Any CPU
	EndGlobalSection
	GlobalSection(SolutionProperties) = preSolution
		HideSolutionNode = FALSE
	EndGlobalSection
	GlobalSection(ExtensibilityGlobals) = postSolution
		SolutionGuid = {55A15411-1BFF-44FF-8898-59521E9D235A}
	EndGlobalSection
EndGlobal
